// !$*UTF8*$!
{
	archiveVersion = 1;
	classes = {
	};
	objectVersion = 55;
	objects = {

/* Begin PBXBuildFile section */
		1C2EDB0BE85C32C3C90459A7 /* Pods_CalendarIdea_CalendarIdeaUITests.framework in Frameworks */ = {isa = PBXBuildFile; fileRef = 2F63918360D75DB3A8CD12BA /* Pods_CalendarIdea_CalendarIdeaUITests.framework */; };
		797E64A583DFCED5F832DCF5 /* Pods_CalendarIdea.framework in Frameworks */ = {isa = PBXBuildFile; fileRef = 77E0FE10A399D8ACD8CDA776 /* Pods_CalendarIdea.framework */; };
		CFAB4A6C285D35AF005D17B9 /* DownloadExtension.swift in Sources */ = {isa = PBXBuildFile; fileRef = CFAB4A6B285D35AF005D17B9 /* DownloadExtension.swift */; };
		CFAC836628610BE5002A0E74 /* LoginView.swift in Sources */ = {isa = PBXBuildFile; fileRef = CFAC836528610BE5002A0E74 /* LoginView.swift */; };
		CFEB189A284EE1CB00E0BD26 /* CalendarIdeaApp.swift in Sources */ = {isa = PBXBuildFile; fileRef = CFEB1899284EE1CB00E0BD26 /* CalendarIdeaApp.swift */; };
		CFEB189C284EE1CB00E0BD26 /* ContentView.swift in Sources */ = {isa = PBXBuildFile; fileRef = CFEB189B284EE1CB00E0BD26 /* ContentView.swift */; };
		CFEB189E284EE1CC00E0BD26 /* Assets.xcassets in Resources */ = {isa = PBXBuildFile; fileRef = CFEB189D284EE1CC00E0BD26 /* Assets.xcassets */; };
		CFEB18A2284EE1CC00E0BD26 /* Preview Assets.xcassets in Resources */ = {isa = PBXBuildFile; fileRef = CFEB18A1284EE1CC00E0BD26 /* Preview Assets.xcassets */; };
		CFEB18AC284EE1CC00E0BD26 /* CalendarIdeaTests.swift in Sources */ = {isa = PBXBuildFile; fileRef = CFEB18AB284EE1CC00E0BD26 /* CalendarIdeaTests.swift */; };
		CFEB18B6284EE1CC00E0BD26 /* CalendarIdeaUITests.swift in Sources */ = {isa = PBXBuildFile; fileRef = CFEB18B5284EE1CC00E0BD26 /* CalendarIdeaUITests.swift */; };
		CFEB18B8284EE1CC00E0BD26 /* CalendarIdeaUITestsLaunchTests.swift in Sources */ = {isa = PBXBuildFile; fileRef = CFEB18B7284EE1CC00E0BD26 /* CalendarIdeaUITestsLaunchTests.swift */; };
		CFEB18C5284EE30F00E0BD26 /* CalendarEventView.swift in Sources */ = {isa = PBXBuildFile; fileRef = CFEB18C4284EE30F00E0BD26 /* CalendarEventView.swift */; };
		CFEB18C728502C5F00E0BD26 /* events.json in Resources */ = {isa = PBXBuildFile; fileRef = CFEB18C628502C5F00E0BD26 /* events.json */; };
		CFEB18C928502C7B00E0BD26 /* CalendarEvent.swift in Sources */ = {isa = PBXBuildFile; fileRef = CFEB18C828502C7B00E0BD26 /* CalendarEvent.swift */; };
		CFEB18D32850581800E0BD26 /* CalendarDetailView.swift in Sources */ = {isa = PBXBuildFile; fileRef = CFEB18D22850581800E0BD26 /* CalendarDetailView.swift */; };
		CFEB18D5285104E900E0BD26 /* YourScheduleView.swift in Sources */ = {isa = PBXBuildFile; fileRef = CFEB18D4285104E900E0BD26 /* YourScheduleView.swift */; };
		CFEB18D8285136A600E0BD26 /* AddEvent.swift in Sources */ = {isa = PBXBuildFile; fileRef = CFEB18D7285136A600E0BD26 /* AddEvent.swift */; };
		CFEB18DA2851420800E0BD26 /* AddCalendarEventView.swift in Sources */ = {isa = PBXBuildFile; fileRef = CFEB18D92851420800E0BD26 /* AddCalendarEventView.swift */; };
		CFEB18DE2853F80700E0BD26 /* YourSubscriptionView.swift in Sources */ = {isa = PBXBuildFile; fileRef = CFEB18DD2853F80700E0BD26 /* YourSubscriptionView.swift */; };
		CFEB18E02853FAAE00E0BD26 /* DiscoverView.swift in Sources */ = {isa = PBXBuildFile; fileRef = CFEB18DF2853FAAE00E0BD26 /* DiscoverView.swift */; };
		CFEB18E22853FAB800E0BD26 /* SearchView.swift in Sources */ = {isa = PBXBuildFile; fileRef = CFEB18E12853FAB800E0BD26 /* SearchView.swift */; };
		CFEB18E42853FAC100E0BD26 /* AccountView.swift in Sources */ = {isa = PBXBuildFile; fileRef = CFEB18E32853FAC100E0BD26 /* AccountView.swift */; };
		CFEB18E62853FEC600E0BD26 /* EventHelper.swift in Sources */ = {isa = PBXBuildFile; fileRef = CFEB18E52853FEC600E0BD26 /* EventHelper.swift */; };
		CFFBC9C52865637F00FCE00D /* CustomLoginViewController.swift in Sources */ = {isa = PBXBuildFile; fileRef = CFFBC9C42865637F00FCE00D /* CustomLoginViewController.swift */; };
		CFFBC9C72865643000FCE00D /* GoogleService-Info.plist in Resources */ = {isa = PBXBuildFile; fileRef = CFFBC9C62865643000FCE00D /* GoogleService-Info.plist */; };
		CFFBC9C92865648C00FCE00D /* GoogleService-Info.plist in Resources */ = {isa = PBXBuildFile; fileRef = CFFBC9C82865648C00FCE00D /* GoogleService-Info.plist */; };
		F7A1F6592CF4D4D760BB66B7 /* Pods_CalendarIdeaTests.framework in Frameworks */ = {isa = PBXBuildFile; fileRef = 3CAD2AAB11B19ED42D21019C /* Pods_CalendarIdeaTests.framework */; };
/* End PBXBuildFile section */

/* Begin PBXContainerItemProxy section */
		CFEB18A8284EE1CC00E0BD26 /* PBXContainerItemProxy */ = {
			isa = PBXContainerItemProxy;
			containerPortal = CFEB188E284EE1CB00E0BD26 /* Project object */;
			proxyType = 1;
			remoteGlobalIDString = CFEB1895284EE1CB00E0BD26;
			remoteInfo = CalendarIdea;
		};
		CFEB18B2284EE1CC00E0BD26 /* PBXContainerItemProxy */ = {
			isa = PBXContainerItemProxy;
			containerPortal = CFEB188E284EE1CB00E0BD26 /* Project object */;
			proxyType = 1;
			remoteGlobalIDString = CFEB1895284EE1CB00E0BD26;
			remoteInfo = CalendarIdea;
		};
/* End PBXContainerItemProxy section */

/* Begin PBXFileReference section */
		2F63918360D75DB3A8CD12BA /* Pods_CalendarIdea_CalendarIdeaUITests.framework */ = {isa = PBXFileReference; explicitFileType = wrapper.framework; includeInIndex = 0; path = Pods_CalendarIdea_CalendarIdeaUITests.framework; sourceTree = BUILT_PRODUCTS_DIR; };
		3CAD2AAB11B19ED42D21019C /* Pods_CalendarIdeaTests.framework */ = {isa = PBXFileReference; explicitFileType = wrapper.framework; includeInIndex = 0; path = Pods_CalendarIdeaTests.framework; sourceTree = BUILT_PRODUCTS_DIR; };
		4774383CF8F432FDF6FBF8E5 /* Pods-CalendarIdea-CalendarIdeaUITests.debug.xcconfig */ = {isa = PBXFileReference; includeInIndex = 1; lastKnownFileType = text.xcconfig; name = "Pods-CalendarIdea-CalendarIdeaUITests.debug.xcconfig"; path = "Target Support Files/Pods-CalendarIdea-CalendarIdeaUITests/Pods-CalendarIdea-CalendarIdeaUITests.debug.xcconfig"; sourceTree = "<group>"; };
		60AAD04D7C072D571AC37B7A /* Pods-CalendarIdea.debug.xcconfig */ = {isa = PBXFileReference; includeInIndex = 1; lastKnownFileType = text.xcconfig; name = "Pods-CalendarIdea.debug.xcconfig"; path = "Target Support Files/Pods-CalendarIdea/Pods-CalendarIdea.debug.xcconfig"; sourceTree = "<group>"; };
		7556193019213CBD6A493EB8 /* Pods-CalendarIdea-CalendarIdeaUITests.release.xcconfig */ = {isa = PBXFileReference; includeInIndex = 1; lastKnownFileType = text.xcconfig; name = "Pods-CalendarIdea-CalendarIdeaUITests.release.xcconfig"; path = "Target Support Files/Pods-CalendarIdea-CalendarIdeaUITests/Pods-CalendarIdea-CalendarIdeaUITests.release.xcconfig"; sourceTree = "<group>"; };
		77E0FE10A399D8ACD8CDA776 /* Pods_CalendarIdea.framework */ = {isa = PBXFileReference; explicitFileType = wrapper.framework; includeInIndex = 0; path = Pods_CalendarIdea.framework; sourceTree = BUILT_PRODUCTS_DIR; };
		7F2C321B02875700CF28DA7E /* Pods-CalendarIdeaTests.debug.xcconfig */ = {isa = PBXFileReference; includeInIndex = 1; lastKnownFileType = text.xcconfig; name = "Pods-CalendarIdeaTests.debug.xcconfig"; path = "Target Support Files/Pods-CalendarIdeaTests/Pods-CalendarIdeaTests.debug.xcconfig"; sourceTree = "<group>"; };
		A39D10B6A4B2823646E55F9B /* Pods-CalendarIdea.release.xcconfig */ = {isa = PBXFileReference; includeInIndex = 1; lastKnownFileType = text.xcconfig; name = "Pods-CalendarIdea.release.xcconfig"; path = "Target Support Files/Pods-CalendarIdea/Pods-CalendarIdea.release.xcconfig"; sourceTree = "<group>"; };
		CFAB4A6B285D35AF005D17B9 /* DownloadExtension.swift */ = {isa = PBXFileReference; lastKnownFileType = sourcecode.swift; path = DownloadExtension.swift; sourceTree = "<group>"; };
		CFAB4A6D285D38F0005D17B9 /* Info.plist */ = {isa = PBXFileReference; lastKnownFileType = text.plist; path = Info.plist; sourceTree = "<group>"; };
		CFAC836528610BE5002A0E74 /* LoginView.swift */ = {isa = PBXFileReference; lastKnownFileType = sourcecode.swift; path = LoginView.swift; sourceTree = "<group>"; };
		CFEB1896284EE1CB00E0BD26 /* CalendarIdea.app */ = {isa = PBXFileReference; explicitFileType = wrapper.application; includeInIndex = 0; path = CalendarIdea.app; sourceTree = BUILT_PRODUCTS_DIR; };
		CFEB1899284EE1CB00E0BD26 /* CalendarIdeaApp.swift */ = {isa = PBXFileReference; lastKnownFileType = sourcecode.swift; path = CalendarIdeaApp.swift; sourceTree = "<group>"; };
		CFEB189B284EE1CB00E0BD26 /* ContentView.swift */ = {isa = PBXFileReference; lastKnownFileType = sourcecode.swift; path = ContentView.swift; sourceTree = "<group>"; };
		CFEB189D284EE1CC00E0BD26 /* Assets.xcassets */ = {isa = PBXFileReference; lastKnownFileType = folder.assetcatalog; path = Assets.xcassets; sourceTree = "<group>"; };
		CFEB189F284EE1CC00E0BD26 /* CalendarIdea.entitlements */ = {isa = PBXFileReference; lastKnownFileType = text.plist.entitlements; path = CalendarIdea.entitlements; sourceTree = "<group>"; };
		CFEB18A1284EE1CC00E0BD26 /* Preview Assets.xcassets */ = {isa = PBXFileReference; lastKnownFileType = folder.assetcatalog; path = "Preview Assets.xcassets"; sourceTree = "<group>"; };
		CFEB18A7284EE1CC00E0BD26 /* CalendarIdeaTests.xctest */ = {isa = PBXFileReference; explicitFileType = wrapper.cfbundle; includeInIndex = 0; path = CalendarIdeaTests.xctest; sourceTree = BUILT_PRODUCTS_DIR; };
		CFEB18AB284EE1CC00E0BD26 /* CalendarIdeaTests.swift */ = {isa = PBXFileReference; lastKnownFileType = sourcecode.swift; path = CalendarIdeaTests.swift; sourceTree = "<group>"; };
		CFEB18B1284EE1CC00E0BD26 /* CalendarIdeaUITests.xctest */ = {isa = PBXFileReference; explicitFileType = wrapper.cfbundle; includeInIndex = 0; path = CalendarIdeaUITests.xctest; sourceTree = BUILT_PRODUCTS_DIR; };
		CFEB18B5284EE1CC00E0BD26 /* CalendarIdeaUITests.swift */ = {isa = PBXFileReference; lastKnownFileType = sourcecode.swift; path = CalendarIdeaUITests.swift; sourceTree = "<group>"; };
		CFEB18B7284EE1CC00E0BD26 /* CalendarIdeaUITestsLaunchTests.swift */ = {isa = PBXFileReference; lastKnownFileType = sourcecode.swift; path = CalendarIdeaUITestsLaunchTests.swift; sourceTree = "<group>"; };
		CFEB18C4284EE30F00E0BD26 /* CalendarEventView.swift */ = {isa = PBXFileReference; lastKnownFileType = sourcecode.swift; path = CalendarEventView.swift; sourceTree = "<group>"; };
		CFEB18C628502C5F00E0BD26 /* events.json */ = {isa = PBXFileReference; fileEncoding = 4; lastKnownFileType = text.json; path = events.json; sourceTree = "<group>"; };
		CFEB18C828502C7B00E0BD26 /* CalendarEvent.swift */ = {isa = PBXFileReference; lastKnownFileType = sourcecode.swift; path = CalendarEvent.swift; sourceTree = "<group>"; };
		CFEB18D22850581800E0BD26 /* CalendarDetailView.swift */ = {isa = PBXFileReference; lastKnownFileType = sourcecode.swift; path = CalendarDetailView.swift; sourceTree = "<group>"; };
		CFEB18D4285104E900E0BD26 /* YourScheduleView.swift */ = {isa = PBXFileReference; lastKnownFileType = sourcecode.swift; path = YourScheduleView.swift; sourceTree = "<group>"; };
		CFEB18D7285136A600E0BD26 /* AddEvent.swift */ = {isa = PBXFileReference; lastKnownFileType = sourcecode.swift; path = AddEvent.swift; sourceTree = "<group>"; };
		CFEB18D92851420800E0BD26 /* AddCalendarEventView.swift */ = {isa = PBXFileReference; lastKnownFileType = sourcecode.swift; path = AddCalendarEventView.swift; sourceTree = "<group>"; };
		CFEB18DD2853F80700E0BD26 /* YourSubscriptionView.swift */ = {isa = PBXFileReference; lastKnownFileType = sourcecode.swift; path = YourSubscriptionView.swift; sourceTree = "<group>"; };
		CFEB18DF2853FAAE00E0BD26 /* DiscoverView.swift */ = {isa = PBXFileReference; lastKnownFileType = sourcecode.swift; path = DiscoverView.swift; sourceTree = "<group>"; };
		CFEB18E12853FAB800E0BD26 /* SearchView.swift */ = {isa = PBXFileReference; lastKnownFileType = sourcecode.swift; path = SearchView.swift; sourceTree = "<group>"; };
		CFEB18E32853FAC100E0BD26 /* AccountView.swift */ = {isa = PBXFileReference; lastKnownFileType = sourcecode.swift; path = AccountView.swift; sourceTree = "<group>"; };
		CFEB18E52853FEC600E0BD26 /* EventHelper.swift */ = {isa = PBXFileReference; lastKnownFileType = sourcecode.swift; path = EventHelper.swift; sourceTree = "<group>"; };
		CFFBC9C42865637F00FCE00D /* CustomLoginViewController.swift */ = {isa = PBXFileReference; lastKnownFileType = sourcecode.swift; path = CustomLoginViewController.swift; sourceTree = "<group>"; };
		CFFBC9C62865643000FCE00D /* GoogleService-Info.plist */ = {isa = PBXFileReference; lastKnownFileType = text.plist; path = "GoogleService-Info.plist"; sourceTree = SOURCE_ROOT; };
		CFFBC9C82865648C00FCE00D /* GoogleService-Info.plist */ = {isa = PBXFileReference; fileEncoding = 4; lastKnownFileType = text.plist.xml; path = "GoogleService-Info.plist"; sourceTree = "<group>"; };
		FF19B4A88CA22B40338560B0 /* Pods-CalendarIdeaTests.release.xcconfig */ = {isa = PBXFileReference; includeInIndex = 1; lastKnownFileType = text.xcconfig; name = "Pods-CalendarIdeaTests.release.xcconfig"; path = "Target Support Files/Pods-CalendarIdeaTests/Pods-CalendarIdeaTests.release.xcconfig"; sourceTree = "<group>"; };
/* End PBXFileReference section */

/* Begin PBXFrameworksBuildPhase section */
		CFEB1893284EE1CB00E0BD26 /* Frameworks */ = {
			isa = PBXFrameworksBuildPhase;
			buildActionMask = 2147483647;
			files = (
				797E64A583DFCED5F832DCF5 /* Pods_CalendarIdea.framework in Frameworks */,
			);
			runOnlyForDeploymentPostprocessing = 0;
		};
		CFEB18A4284EE1CC00E0BD26 /* Frameworks */ = {
			isa = PBXFrameworksBuildPhase;
			buildActionMask = 2147483647;
			files = (
				F7A1F6592CF4D4D760BB66B7 /* Pods_CalendarIdeaTests.framework in Frameworks */,
			);
			runOnlyForDeploymentPostprocessing = 0;
		};
		CFEB18AE284EE1CC00E0BD26 /* Frameworks */ = {
			isa = PBXFrameworksBuildPhase;
			buildActionMask = 2147483647;
			files = (
				1C2EDB0BE85C32C3C90459A7 /* Pods_CalendarIdea_CalendarIdeaUITests.framework in Frameworks */,
			);
			runOnlyForDeploymentPostprocessing = 0;
		};
/* End PBXFrameworksBuildPhase section */

/* Begin PBXGroup section */
		4CE09C6BCFE889F406267D33 /* Pods */ = {
			isa = PBXGroup;
			children = (
				60AAD04D7C072D571AC37B7A /* Pods-CalendarIdea.debug.xcconfig */,
				A39D10B6A4B2823646E55F9B /* Pods-CalendarIdea.release.xcconfig */,
				4774383CF8F432FDF6FBF8E5 /* Pods-CalendarIdea-CalendarIdeaUITests.debug.xcconfig */,
				7556193019213CBD6A493EB8 /* Pods-CalendarIdea-CalendarIdeaUITests.release.xcconfig */,
				7F2C321B02875700CF28DA7E /* Pods-CalendarIdeaTests.debug.xcconfig */,
				FF19B4A88CA22B40338560B0 /* Pods-CalendarIdeaTests.release.xcconfig */,
			);
			path = Pods;
			sourceTree = "<group>";
		};
		67128960A436258776DA980C /* Frameworks */ = {
			isa = PBXGroup;
			children = (
				77E0FE10A399D8ACD8CDA776 /* Pods_CalendarIdea.framework */,
				2F63918360D75DB3A8CD12BA /* Pods_CalendarIdea_CalendarIdeaUITests.framework */,
				3CAD2AAB11B19ED42D21019C /* Pods_CalendarIdeaTests.framework */,
			);
			name = Frameworks;
			sourceTree = "<group>";
		};
		CFEB188D284EE1CB00E0BD26 = {
			isa = PBXGroup;
			children = (
				CFEB1898284EE1CB00E0BD26 /* CalendarIdea */,
				CFEB18AA284EE1CC00E0BD26 /* CalendarIdeaTests */,
				CFEB18B4284EE1CC00E0BD26 /* CalendarIdeaUITests */,
				CFEB1897284EE1CB00E0BD26 /* Products */,
				4CE09C6BCFE889F406267D33 /* Pods */,
				67128960A436258776DA980C /* Frameworks */,
			);
			sourceTree = "<group>";
		};
		CFEB1897284EE1CB00E0BD26 /* Products */ = {
			isa = PBXGroup;
			children = (
				CFEB1896284EE1CB00E0BD26 /* CalendarIdea.app */,
				CFEB18A7284EE1CC00E0BD26 /* CalendarIdeaTests.xctest */,
				CFEB18B1284EE1CC00E0BD26 /* CalendarIdeaUITests.xctest */,
			);
			name = Products;
			sourceTree = "<group>";
		};
		CFEB1898284EE1CB00E0BD26 /* CalendarIdea */ = {
			isa = PBXGroup;
			children = (
				CFAB4A6D285D38F0005D17B9 /* Info.plist */,
				CFEB18D62851369B00E0BD26 /* Controller */,
				CFEB18CB28502C9700E0BD26 /* View */,
				CFEB18CA28502C8500E0BD26 /* Model */,
				CFEB189D284EE1CC00E0BD26 /* Assets.xcassets */,
				CFEB1899284EE1CB00E0BD26 /* CalendarIdeaApp.swift */,
				CFFBC9C62865643000FCE00D /* GoogleService-Info.plist */,
				CFFBC9C82865648C00FCE00D /* GoogleService-Info.plist */,
				CFEB189F284EE1CC00E0BD26 /* CalendarIdea.entitlements */,
				CFEB18C628502C5F00E0BD26 /* events.json */,
				CFEB18A0284EE1CC00E0BD26 /* Preview Content */,
			);
			path = CalendarIdea;
			sourceTree = "<group>";
		};
		CFEB18A0284EE1CC00E0BD26 /* Preview Content */ = {
			isa = PBXGroup;
			children = (
				CFEB18A1284EE1CC00E0BD26 /* Preview Assets.xcassets */,
			);
			path = "Preview Content";
			sourceTree = "<group>";
		};
		CFEB18AA284EE1CC00E0BD26 /* CalendarIdeaTests */ = {
			isa = PBXGroup;
			children = (
				CFEB18AB284EE1CC00E0BD26 /* CalendarIdeaTests.swift */,
			);
			path = CalendarIdeaTests;
			sourceTree = "<group>";
		};
		CFEB18B4284EE1CC00E0BD26 /* CalendarIdeaUITests */ = {
			isa = PBXGroup;
			children = (
				CFEB18B5284EE1CC00E0BD26 /* CalendarIdeaUITests.swift */,
				CFEB18B7284EE1CC00E0BD26 /* CalendarIdeaUITestsLaunchTests.swift */,
			);
			path = CalendarIdeaUITests;
			sourceTree = "<group>";
		};
		CFEB18CA28502C8500E0BD26 /* Model */ = {
			isa = PBXGroup;
			children = (
				CFEB18C828502C7B00E0BD26 /* CalendarEvent.swift */,
			);
			path = Model;
			sourceTree = "<group>";
		};
		CFEB18CB28502C9700E0BD26 /* View */ = {
			isa = PBXGroup;
			children = (
				CFEB189B284EE1CB00E0BD26 /* ContentView.swift */,
				CFEB18D4285104E900E0BD26 /* YourScheduleView.swift */,
				CFEB18D22850581800E0BD26 /* CalendarDetailView.swift */,
				CFEB18C4284EE30F00E0BD26 /* CalendarEventView.swift */,
				CFEB18D92851420800E0BD26 /* AddCalendarEventView.swift */,
				CFEB18DD2853F80700E0BD26 /* YourSubscriptionView.swift */,
				CFEB18DF2853FAAE00E0BD26 /* DiscoverView.swift */,
				CFEB18E12853FAB800E0BD26 /* SearchView.swift */,
				CFEB18E32853FAC100E0BD26 /* AccountView.swift */,
				CFAC836528610BE5002A0E74 /* LoginView.swift */,
				CFFBC9C42865637F00FCE00D /* CustomLoginViewController.swift */,
			);
			path = View;
			sourceTree = "<group>";
		};
		CFEB18D62851369B00E0BD26 /* Controller */ = {
			isa = PBXGroup;
			children = (
				CFEB18D7285136A600E0BD26 /* AddEvent.swift */,
				CFEB18E52853FEC600E0BD26 /* EventHelper.swift */,
				CFAB4A6B285D35AF005D17B9 /* DownloadExtension.swift */,
			);
			path = Controller;
			sourceTree = "<group>";
		};
/* End PBXGroup section */

/* Begin PBXNativeTarget section */
		CFEB1895284EE1CB00E0BD26 /* CalendarIdea */ = {
			isa = PBXNativeTarget;
			buildConfigurationList = CFEB18BB284EE1CC00E0BD26 /* Build configuration list for PBXNativeTarget "CalendarIdea" */;
			buildPhases = (
				0D5B33A8742AC8BF62ED61B0 /* [CP] Check Pods Manifest.lock */,
				CFEB1892284EE1CB00E0BD26 /* Sources */,
				CFEB1893284EE1CB00E0BD26 /* Frameworks */,
				CFEB1894284EE1CB00E0BD26 /* Resources */,
				5C0AC5A7C238F0ECC340EB00 /* [CP] Embed Pods Frameworks */,
				3B056F956886376FEBDBCFDE /* [CP] Copy Pods Resources */,
			);
			buildRules = (
			);
			dependencies = (
			);
			name = CalendarIdea;
			productName = CalendarIdea;
			productReference = CFEB1896284EE1CB00E0BD26 /* CalendarIdea.app */;
			productType = "com.apple.product-type.application";
		};
		CFEB18A6284EE1CC00E0BD26 /* CalendarIdeaTests */ = {
			isa = PBXNativeTarget;
			buildConfigurationList = CFEB18BE284EE1CC00E0BD26 /* Build configuration list for PBXNativeTarget "CalendarIdeaTests" */;
			buildPhases = (
				792C6707F892E7BF3E937301 /* [CP] Check Pods Manifest.lock */,
				CFEB18A3284EE1CC00E0BD26 /* Sources */,
				CFEB18A4284EE1CC00E0BD26 /* Frameworks */,
				CFEB18A5284EE1CC00E0BD26 /* Resources */,
			);
			buildRules = (
			);
			dependencies = (
				CFEB18A9284EE1CC00E0BD26 /* PBXTargetDependency */,
			);
			name = CalendarIdeaTests;
			productName = CalendarIdeaTests;
			productReference = CFEB18A7284EE1CC00E0BD26 /* CalendarIdeaTests.xctest */;
			productType = "com.apple.product-type.bundle.unit-test";
		};
		CFEB18B0284EE1CC00E0BD26 /* CalendarIdeaUITests */ = {
			isa = PBXNativeTarget;
			buildConfigurationList = CFEB18C1284EE1CC00E0BD26 /* Build configuration list for PBXNativeTarget "CalendarIdeaUITests" */;
			buildPhases = (
				8AC5B2B5C4D903F6780744CF /* [CP] Check Pods Manifest.lock */,
				CFEB18AD284EE1CC00E0BD26 /* Sources */,
				CFEB18AE284EE1CC00E0BD26 /* Frameworks */,
				CFEB18AF284EE1CC00E0BD26 /* Resources */,
				2E91EF6B939CB4D9CE2BBF86 /* [CP] Embed Pods Frameworks */,
				590B2282674B404462AA3459 /* [CP] Copy Pods Resources */,
			);
			buildRules = (
			);
			dependencies = (
				CFEB18B3284EE1CC00E0BD26 /* PBXTargetDependency */,
			);
			name = CalendarIdeaUITests;
			productName = CalendarIdeaUITests;
			productReference = CFEB18B1284EE1CC00E0BD26 /* CalendarIdeaUITests.xctest */;
			productType = "com.apple.product-type.bundle.ui-testing";
		};
/* End PBXNativeTarget section */

/* Begin PBXProject section */
		CFEB188E284EE1CB00E0BD26 /* Project object */ = {
			isa = PBXProject;
			attributes = {
				BuildIndependentTargetsInParallel = 1;
				LastSwiftUpdateCheck = 1400;
				LastUpgradeCheck = 1400;
				TargetAttributes = {
					CFEB1895284EE1CB00E0BD26 = {
						CreatedOnToolsVersion = 14.0;
					};
					CFEB18A6284EE1CC00E0BD26 = {
						CreatedOnToolsVersion = 14.0;
						TestTargetID = CFEB1895284EE1CB00E0BD26;
					};
					CFEB18B0284EE1CC00E0BD26 = {
						CreatedOnToolsVersion = 14.0;
						TestTargetID = CFEB1895284EE1CB00E0BD26;
					};
				};
			};
			buildConfigurationList = CFEB1891284EE1CB00E0BD26 /* Build configuration list for PBXProject "CalendarIdea" */;
			compatibilityVersion = "Xcode 13.0";
			developmentRegion = en;
			hasScannedForEncodings = 0;
			knownRegions = (
				en,
				Base,
				de,
				ur,
				he,
				"es-SV",
				"zh-Hant-TW",
				ar,
				el,
				"zh-Hans",
				ja,
				fa,
				mr,
				"es-GT",
				"en-CA",
				uk,
				"es-PY",
				gu,
				kn,
				nb,
				"es-US",
				"en-GB",
				es,
				"es-VE",
				"es-CL",
				sl,
				da,
				"es-419",
				it,
				bg,
				sk,
				"sr-Latn",
				"nn-NO",
				"es-PA",
				"en-SG",
				sr,
				ms,
				"es-CR",
				ta,
				sv,
				cs,
				"es-AR",
				"es-PE",
				ko,
				"en-IE",
				fil,
				"zh-Hant",
				"es-CO",
				gsw,
				"en-ZA",
				hu,
				"es-PR",
				"de-AT",
				"en-AU",
				tr,
				pl,
				"pt-BR",
				vi,
				lv,
				"es-MX",
				lt,
				ru,
				"es-DO",
				"fr-CH",
				"es-NI",
				fr,
				fi,
				id,
				nl,
				th,
				pt,
				"de-CH",
				bn,
				"es-EC",
				"pt-PT",
				"es-BO",
				ro,
				ln,
				"es-UY",
				"es-HN",
				hr,
				hi,
				ca,
				zh,
				"en-IN",
			);
			mainGroup = CFEB188D284EE1CB00E0BD26;
			productRefGroup = CFEB1897284EE1CB00E0BD26 /* Products */;
			projectDirPath = "";
			projectRoot = "";
			targets = (
				CFEB1895284EE1CB00E0BD26 /* CalendarIdea */,
				CFEB18A6284EE1CC00E0BD26 /* CalendarIdeaTests */,
				CFEB18B0284EE1CC00E0BD26 /* CalendarIdeaUITests */,
			);
		};
/* End PBXProject section */

/* Begin PBXResourcesBuildPhase section */
		CFEB1894284EE1CB00E0BD26 /* Resources */ = {
			isa = PBXResourcesBuildPhase;
			buildActionMask = 2147483647;
			files = (
				CFEB18A2284EE1CC00E0BD26 /* Preview Assets.xcassets in Resources */,
				CFFBC9C72865643000FCE00D /* GoogleService-Info.plist in Resources */,
				CFFBC9C92865648C00FCE00D /* GoogleService-Info.plist in Resources */,
				CFEB189E284EE1CC00E0BD26 /* Assets.xcassets in Resources */,
				CFEB18C728502C5F00E0BD26 /* events.json in Resources */,
			);
			runOnlyForDeploymentPostprocessing = 0;
		};
		CFEB18A5284EE1CC00E0BD26 /* Resources */ = {
			isa = PBXResourcesBuildPhase;
			buildActionMask = 2147483647;
			files = (
			);
			runOnlyForDeploymentPostprocessing = 0;
		};
		CFEB18AF284EE1CC00E0BD26 /* Resources */ = {
			isa = PBXResourcesBuildPhase;
			buildActionMask = 2147483647;
			files = (
			);
			runOnlyForDeploymentPostprocessing = 0;
		};
/* End PBXResourcesBuildPhase section */

/* Begin PBXShellScriptBuildPhase section */
		0D5B33A8742AC8BF62ED61B0 /* [CP] Check Pods Manifest.lock */ = {
			isa = PBXShellScriptBuildPhase;
			buildActionMask = 2147483647;
			files = (
			);
			inputFileListPaths = (
			);
			inputPaths = (
				"${PODS_PODFILE_DIR_PATH}/Podfile.lock",
				"${PODS_ROOT}/Manifest.lock",
			);
			name = "[CP] Check Pods Manifest.lock";
			outputFileListPaths = (
			);
			outputPaths = (
				"$(DERIVED_FILE_DIR)/Pods-CalendarIdea-checkManifestLockResult.txt",
			);
			runOnlyForDeploymentPostprocessing = 0;
			shellPath = /bin/sh;
			shellScript = "diff \"${PODS_PODFILE_DIR_PATH}/Podfile.lock\" \"${PODS_ROOT}/Manifest.lock\" > /dev/null\nif [ $? != 0 ] ; then\n    # print error to STDERR\n    echo \"error: The sandbox is not in sync with the Podfile.lock. Run 'pod install' or update your CocoaPods installation.\" >&2\n    exit 1\nfi\n# This output is used by Xcode 'outputs' to avoid re-running this script phase.\necho \"SUCCESS\" > \"${SCRIPT_OUTPUT_FILE_0}\"\n";
			showEnvVarsInLog = 0;
		};
		2E91EF6B939CB4D9CE2BBF86 /* [CP] Embed Pods Frameworks */ = {
			isa = PBXShellScriptBuildPhase;
			buildActionMask = 2147483647;
			files = (
			);
			inputFileListPaths = (
				"${PODS_ROOT}/Target Support Files/Pods-CalendarIdea-CalendarIdeaUITests/Pods-CalendarIdea-CalendarIdeaUITests-frameworks-${CONFIGURATION}-input-files.xcfilelist",
			);
			name = "[CP] Embed Pods Frameworks";
			outputFileListPaths = (
				"${PODS_ROOT}/Target Support Files/Pods-CalendarIdea-CalendarIdeaUITests/Pods-CalendarIdea-CalendarIdeaUITests-frameworks-${CONFIGURATION}-output-files.xcfilelist",
			);
			runOnlyForDeploymentPostprocessing = 0;
			shellPath = /bin/sh;
			shellScript = "\"${PODS_ROOT}/Target Support Files/Pods-CalendarIdea-CalendarIdeaUITests/Pods-CalendarIdea-CalendarIdeaUITests-frameworks.sh\"\n";
			showEnvVarsInLog = 0;
		};
		3B056F956886376FEBDBCFDE /* [CP] Copy Pods Resources */ = {
			isa = PBXShellScriptBuildPhase;
			buildActionMask = 2147483647;
			files = (
			);
			inputFileListPaths = (
				"${PODS_ROOT}/Target Support Files/Pods-CalendarIdea/Pods-CalendarIdea-resources-${CONFIGURATION}-input-files.xcfilelist",
			);
			name = "[CP] Copy Pods Resources";
			outputFileListPaths = (
				"${PODS_ROOT}/Target Support Files/Pods-CalendarIdea/Pods-CalendarIdea-resources-${CONFIGURATION}-output-files.xcfilelist",
			);
			runOnlyForDeploymentPostprocessing = 0;
			shellPath = /bin/sh;
			shellScript = "\"${PODS_ROOT}/Target Support Files/Pods-CalendarIdea/Pods-CalendarIdea-resources.sh\"\n";
			showEnvVarsInLog = 0;
		};
		590B2282674B404462AA3459 /* [CP] Copy Pods Resources */ = {
			isa = PBXShellScriptBuildPhase;
			buildActionMask = 2147483647;
			files = (
			);
			inputFileListPaths = (
				"${PODS_ROOT}/Target Support Files/Pods-CalendarIdea-CalendarIdeaUITests/Pods-CalendarIdea-CalendarIdeaUITests-resources-${CONFIGURATION}-input-files.xcfilelist",
			);
			name = "[CP] Copy Pods Resources";
			outputFileListPaths = (
				"${PODS_ROOT}/Target Support Files/Pods-CalendarIdea-CalendarIdeaUITests/Pods-CalendarIdea-CalendarIdeaUITests-resources-${CONFIGURATION}-output-files.xcfilelist",
			);
			runOnlyForDeploymentPostprocessing = 0;
			shellPath = /bin/sh;
			shellScript = "\"${PODS_ROOT}/Target Support Files/Pods-CalendarIdea-CalendarIdeaUITests/Pods-CalendarIdea-CalendarIdeaUITests-resources.sh\"\n";
			showEnvVarsInLog = 0;
		};
		5C0AC5A7C238F0ECC340EB00 /* [CP] Embed Pods Frameworks */ = {
			isa = PBXShellScriptBuildPhase;
			buildActionMask = 2147483647;
			files = (
			);
			inputFileListPaths = (
				"${PODS_ROOT}/Target Support Files/Pods-CalendarIdea/Pods-CalendarIdea-frameworks-${CONFIGURATION}-input-files.xcfilelist",
			);
			name = "[CP] Embed Pods Frameworks";
			outputFileListPaths = (
				"${PODS_ROOT}/Target Support Files/Pods-CalendarIdea/Pods-CalendarIdea-frameworks-${CONFIGURATION}-output-files.xcfilelist",
			);
			runOnlyForDeploymentPostprocessing = 0;
			shellPath = /bin/sh;
			shellScript = "\"${PODS_ROOT}/Target Support Files/Pods-CalendarIdea/Pods-CalendarIdea-frameworks.sh\"\n";
			showEnvVarsInLog = 0;
		};
		792C6707F892E7BF3E937301 /* [CP] Check Pods Manifest.lock */ = {
			isa = PBXShellScriptBuildPhase;
			buildActionMask = 2147483647;
			files = (
			);
			inputFileListPaths = (
			);
			inputPaths = (
				"${PODS_PODFILE_DIR_PATH}/Podfile.lock",
				"${PODS_ROOT}/Manifest.lock",
			);
			name = "[CP] Check Pods Manifest.lock";
			outputFileListPaths = (
			);
			outputPaths = (
				"$(DERIVED_FILE_DIR)/Pods-CalendarIdeaTests-checkManifestLockResult.txt",
			);
			runOnlyForDeploymentPostprocessing = 0;
			shellPath = /bin/sh;
			shellScript = "diff \"${PODS_PODFILE_DIR_PATH}/Podfile.lock\" \"${PODS_ROOT}/Manifest.lock\" > /dev/null\nif [ $? != 0 ] ; then\n    # print error to STDERR\n    echo \"error: The sandbox is not in sync with the Podfile.lock. Run 'pod install' or update your CocoaPods installation.\" >&2\n    exit 1\nfi\n# This output is used by Xcode 'outputs' to avoid re-running this script phase.\necho \"SUCCESS\" > \"${SCRIPT_OUTPUT_FILE_0}\"\n";
			showEnvVarsInLog = 0;
		};
		8AC5B2B5C4D903F6780744CF /* [CP] Check Pods Manifest.lock */ = {
			isa = PBXShellScriptBuildPhase;
			buildActionMask = 2147483647;
			files = (
			);
			inputFileListPaths = (
			);
			inputPaths = (
				"${PODS_PODFILE_DIR_PATH}/Podfile.lock",
				"${PODS_ROOT}/Manifest.lock",
			);
			name = "[CP] Check Pods Manifest.lock";
			outputFileListPaths = (
			);
			outputPaths = (
				"$(DERIVED_FILE_DIR)/Pods-CalendarIdea-CalendarIdeaUITests-checkManifestLockResult.txt",
			);
			runOnlyForDeploymentPostprocessing = 0;
			shellPath = /bin/sh;
			shellScript = "diff \"${PODS_PODFILE_DIR_PATH}/Podfile.lock\" \"${PODS_ROOT}/Manifest.lock\" > /dev/null\nif [ $? != 0 ] ; then\n    # print error to STDERR\n    echo \"error: The sandbox is not in sync with the Podfile.lock. Run 'pod install' or update your CocoaPods installation.\" >&2\n    exit 1\nfi\n# This output is used by Xcode 'outputs' to avoid re-running this script phase.\necho \"SUCCESS\" > \"${SCRIPT_OUTPUT_FILE_0}\"\n";
			showEnvVarsInLog = 0;
		};
/* End PBXShellScriptBuildPhase section */

/* Begin PBXSourcesBuildPhase section */
		CFEB1892284EE1CB00E0BD26 /* Sources */ = {
			isa = PBXSourcesBuildPhase;
			buildActionMask = 2147483647;
			files = (
				CFEB18E42853FAC100E0BD26 /* AccountView.swift in Sources */,
				CFEB18C928502C7B00E0BD26 /* CalendarEvent.swift in Sources */,
				CFEB189C284EE1CB00E0BD26 /* ContentView.swift in Sources */,
				CFAC836628610BE5002A0E74 /* LoginView.swift in Sources */,
				CFEB18D5285104E900E0BD26 /* YourScheduleView.swift in Sources */,
				CFEB18D32850581800E0BD26 /* CalendarDetailView.swift in Sources */,
				CFEB18C5284EE30F00E0BD26 /* CalendarEventView.swift in Sources */,
				CFEB18DE2853F80700E0BD26 /* YourSubscriptionView.swift in Sources */,
				CFAB4A6C285D35AF005D17B9 /* DownloadExtension.swift in Sources */,
				CFEB18DA2851420800E0BD26 /* AddCalendarEventView.swift in Sources */,
				CFEB18E02853FAAE00E0BD26 /* DiscoverView.swift in Sources */,
				CFEB18D8285136A600E0BD26 /* AddEvent.swift in Sources */,
				CFEB18E62853FEC600E0BD26 /* EventHelper.swift in Sources */,
				CFFBC9C52865637F00FCE00D /* CustomLoginViewController.swift in Sources */,
				CFEB189A284EE1CB00E0BD26 /* CalendarIdeaApp.swift in Sources */,
				CFEB18E22853FAB800E0BD26 /* SearchView.swift in Sources */,
			);
			runOnlyForDeploymentPostprocessing = 0;
		};
		CFEB18A3284EE1CC00E0BD26 /* Sources */ = {
			isa = PBXSourcesBuildPhase;
			buildActionMask = 2147483647;
			files = (
				CFEB18AC284EE1CC00E0BD26 /* CalendarIdeaTests.swift in Sources */,
			);
			runOnlyForDeploymentPostprocessing = 0;
		};
		CFEB18AD284EE1CC00E0BD26 /* Sources */ = {
			isa = PBXSourcesBuildPhase;
			buildActionMask = 2147483647;
			files = (
				CFEB18B6284EE1CC00E0BD26 /* CalendarIdeaUITests.swift in Sources */,
				CFEB18B8284EE1CC00E0BD26 /* CalendarIdeaUITestsLaunchTests.swift in Sources */,
			);
			runOnlyForDeploymentPostprocessing = 0;
		};
/* End PBXSourcesBuildPhase section */

/* Begin PBXTargetDependency section */
		CFEB18A9284EE1CC00E0BD26 /* PBXTargetDependency */ = {
			isa = PBXTargetDependency;
			target = CFEB1895284EE1CB00E0BD26 /* CalendarIdea */;
			targetProxy = CFEB18A8284EE1CC00E0BD26 /* PBXContainerItemProxy */;
		};
		CFEB18B3284EE1CC00E0BD26 /* PBXTargetDependency */ = {
			isa = PBXTargetDependency;
			target = CFEB1895284EE1CB00E0BD26 /* CalendarIdea */;
			targetProxy = CFEB18B2284EE1CC00E0BD26 /* PBXContainerItemProxy */;
		};
/* End PBXTargetDependency section */

/* Begin XCBuildConfiguration section */
		CFEB18B9284EE1CC00E0BD26 /* Debug */ = {
			isa = XCBuildConfiguration;
			buildSettings = {
				ALWAYS_SEARCH_USER_PATHS = NO;
				CLANG_ANALYZER_NONNULL = YES;
				CLANG_ANALYZER_NUMBER_OBJECT_CONVERSION = YES_AGGRESSIVE;
				CLANG_CXX_LANGUAGE_STANDARD = "gnu++17";
				CLANG_ENABLE_MODULES = YES;
				CLANG_ENABLE_OBJC_ARC = YES;
				CLANG_ENABLE_OBJC_WEAK = YES;
				CLANG_WARN_BLOCK_CAPTURE_AUTORELEASING = YES;
				CLANG_WARN_BOOL_CONVERSION = YES;
				CLANG_WARN_COMMA = YES;
				CLANG_WARN_CONSTANT_CONVERSION = YES;
				CLANG_WARN_DEPRECATED_OBJC_IMPLEMENTATIONS = YES;
				CLANG_WARN_DIRECT_OBJC_ISA_USAGE = YES_ERROR;
				CLANG_WARN_DOCUMENTATION_COMMENTS = YES;
				CLANG_WARN_EMPTY_BODY = YES;
				CLANG_WARN_ENUM_CONVERSION = YES;
				CLANG_WARN_INFINITE_RECURSION = YES;
				CLANG_WARN_INT_CONVERSION = YES;
				CLANG_WARN_NON_LITERAL_NULL_CONVERSION = YES;
				CLANG_WARN_OBJC_IMPLICIT_RETAIN_SELF = YES;
				CLANG_WARN_OBJC_LITERAL_CONVERSION = YES;
				CLANG_WARN_OBJC_ROOT_CLASS = YES_ERROR;
				CLANG_WARN_QUOTED_INCLUDE_IN_FRAMEWORK_HEADER = YES;
				CLANG_WARN_RANGE_LOOP_ANALYSIS = YES;
				CLANG_WARN_STRICT_PROTOTYPES = YES;
				CLANG_WARN_SUSPICIOUS_MOVE = YES;
				CLANG_WARN_UNGUARDED_AVAILABILITY = YES_AGGRESSIVE;
				CLANG_WARN_UNREACHABLE_CODE = YES;
				CLANG_WARN__DUPLICATE_METHOD_MATCH = YES;
				COPY_PHASE_STRIP = NO;
				DEBUG_INFORMATION_FORMAT = dwarf;
				ENABLE_STRICT_OBJC_MSGSEND = YES;
				ENABLE_TESTABILITY = YES;
				GCC_C_LANGUAGE_STANDARD = gnu11;
				GCC_DYNAMIC_NO_PIC = NO;
				GCC_NO_COMMON_BLOCKS = YES;
				GCC_OPTIMIZATION_LEVEL = 0;
				GCC_PREPROCESSOR_DEFINITIONS = (
					"DEBUG=1",
					"$(inherited)",
				);
				GCC_WARN_64_TO_32_BIT_CONVERSION = YES;
				GCC_WARN_ABOUT_RETURN_TYPE = YES_ERROR;
				GCC_WARN_UNDECLARED_SELECTOR = YES;
				GCC_WARN_UNINITIALIZED_AUTOS = YES_AGGRESSIVE;
				GCC_WARN_UNUSED_FUNCTION = YES;
				GCC_WARN_UNUSED_VARIABLE = YES;
				MTL_ENABLE_DEBUG_INFO = INCLUDE_SOURCE;
				MTL_FAST_MATH = YES;
				ONLY_ACTIVE_ARCH = YES;
				SWIFT_ACTIVE_COMPILATION_CONDITIONS = DEBUG;
				SWIFT_OPTIMIZATION_LEVEL = "-Onone";
			};
			name = Debug;
		};
		CFEB18BA284EE1CC00E0BD26 /* Release */ = {
			isa = XCBuildConfiguration;
			buildSettings = {
				ALWAYS_SEARCH_USER_PATHS = NO;
				CLANG_ANALYZER_NONNULL = YES;
				CLANG_ANALYZER_NUMBER_OBJECT_CONVERSION = YES_AGGRESSIVE;
				CLANG_CXX_LANGUAGE_STANDARD = "gnu++17";
				CLANG_ENABLE_MODULES = YES;
				CLANG_ENABLE_OBJC_ARC = YES;
				CLANG_ENABLE_OBJC_WEAK = YES;
				CLANG_WARN_BLOCK_CAPTURE_AUTORELEASING = YES;
				CLANG_WARN_BOOL_CONVERSION = YES;
				CLANG_WARN_COMMA = YES;
				CLANG_WARN_CONSTANT_CONVERSION = YES;
				CLANG_WARN_DEPRECATED_OBJC_IMPLEMENTATIONS = YES;
				CLANG_WARN_DIRECT_OBJC_ISA_USAGE = YES_ERROR;
				CLANG_WARN_DOCUMENTATION_COMMENTS = YES;
				CLANG_WARN_EMPTY_BODY = YES;
				CLANG_WARN_ENUM_CONVERSION = YES;
				CLANG_WARN_INFINITE_RECURSION = YES;
				CLANG_WARN_INT_CONVERSION = YES;
				CLANG_WARN_NON_LITERAL_NULL_CONVERSION = YES;
				CLANG_WARN_OBJC_IMPLICIT_RETAIN_SELF = YES;
				CLANG_WARN_OBJC_LITERAL_CONVERSION = YES;
				CLANG_WARN_OBJC_ROOT_CLASS = YES_ERROR;
				CLANG_WARN_QUOTED_INCLUDE_IN_FRAMEWORK_HEADER = YES;
				CLANG_WARN_RANGE_LOOP_ANALYSIS = YES;
				CLANG_WARN_STRICT_PROTOTYPES = YES;
				CLANG_WARN_SUSPICIOUS_MOVE = YES;
				CLANG_WARN_UNGUARDED_AVAILABILITY = YES_AGGRESSIVE;
				CLANG_WARN_UNREACHABLE_CODE = YES;
				CLANG_WARN__DUPLICATE_METHOD_MATCH = YES;
				COPY_PHASE_STRIP = NO;
				DEBUG_INFORMATION_FORMAT = "dwarf-with-dsym";
				ENABLE_NS_ASSERTIONS = NO;
				ENABLE_STRICT_OBJC_MSGSEND = YES;
				GCC_C_LANGUAGE_STANDARD = gnu11;
				GCC_NO_COMMON_BLOCKS = YES;
				GCC_WARN_64_TO_32_BIT_CONVERSION = YES;
				GCC_WARN_ABOUT_RETURN_TYPE = YES_ERROR;
				GCC_WARN_UNDECLARED_SELECTOR = YES;
				GCC_WARN_UNINITIALIZED_AUTOS = YES_AGGRESSIVE;
				GCC_WARN_UNUSED_FUNCTION = YES;
				GCC_WARN_UNUSED_VARIABLE = YES;
				MTL_ENABLE_DEBUG_INFO = NO;
				MTL_FAST_MATH = YES;
				ONLY_ACTIVE_ARCH = NO;
				SWIFT_COMPILATION_MODE = wholemodule;
				SWIFT_OPTIMIZATION_LEVEL = "-O";
			};
			name = Release;
		};
		CFEB18BC284EE1CC00E0BD26 /* Debug */ = {
			isa = XCBuildConfiguration;
			baseConfigurationReference = 60AAD04D7C072D571AC37B7A /* Pods-CalendarIdea.debug.xcconfig */;
			buildSettings = {
				ASSETCATALOG_COMPILER_APPICON_NAME = AppIcon;
				ASSETCATALOG_COMPILER_GLOBAL_ACCENT_COLOR_NAME = AccentColor;
				CODE_SIGN_ENTITLEMENTS = CalendarIdea/CalendarIdea.entitlements;
				CODE_SIGN_STYLE = Automatic;
				CURRENT_PROJECT_VERSION = 1;
				DEVELOPMENT_ASSET_PATHS = "\"CalendarIdea/Preview Content\"";
				DEVELOPMENT_TEAM = 9F5M35K84C;
				ENABLE_HARDENED_RUNTIME = YES;
				ENABLE_PREVIEWS = YES;
				GENERATE_INFOPLIST_FILE = YES;
				INFOPLIST_FILE = CalendarIdea/Info.plist;
				"INFOPLIST_KEY_UILaunchScreen_Generation[sdk=iphoneos*]" = YES;
				"INFOPLIST_KEY_UILaunchScreen_Generation[sdk=iphonesimulator*]" = YES;
				INFOPLIST_KEY_UISupportedInterfaceOrientations_iPad = "UIInterfaceOrientationPortrait UIInterfaceOrientationPortraitUpsideDown UIInterfaceOrientationLandscapeLeft UIInterfaceOrientationLandscapeRight";
				INFOPLIST_KEY_UISupportedInterfaceOrientations_iPhone = "UIInterfaceOrientationPortrait UIInterfaceOrientationLandscapeLeft UIInterfaceOrientationLandscapeRight";
				IPHONEOS_DEPLOYMENT_TARGET = 16.0;
				LD_RUNPATH_SEARCH_PATHS = "@executable_path/Frameworks";
				"LD_RUNPATH_SEARCH_PATHS[sdk=macosx*]" = "@executable_path/../Frameworks";
				MACOSX_DEPLOYMENT_TARGET = 13.0;
				MARKETING_VERSION = 1.0;
				PRODUCT_BUNDLE_IDENTIFIER = com.leapaheadstudios.CalendarIdea;
				PRODUCT_NAME = "$(TARGET_NAME)";
				SDKROOT = auto;
				SUPPORTED_PLATFORMS = "iphoneos iphonesimulator macosx";
				SWIFT_EMIT_LOC_STRINGS = YES;
				SWIFT_VERSION = 5.0;
				TARGETED_DEVICE_FAMILY = "1,2";
			};
			name = Debug;
		};
		CFEB18BD284EE1CC00E0BD26 /* Release */ = {
			isa = XCBuildConfiguration;
			baseConfigurationReference = A39D10B6A4B2823646E55F9B /* Pods-CalendarIdea.release.xcconfig */;
			buildSettings = {
				ASSETCATALOG_COMPILER_APPICON_NAME = AppIcon;
				ASSETCATALOG_COMPILER_GLOBAL_ACCENT_COLOR_NAME = AccentColor;
				CODE_SIGN_ENTITLEMENTS = CalendarIdea/CalendarIdea.entitlements;
				CODE_SIGN_STYLE = Automatic;
				CURRENT_PROJECT_VERSION = 1;
				DEVELOPMENT_ASSET_PATHS = "\"CalendarIdea/Preview Content\"";
				DEVELOPMENT_TEAM = 9F5M35K84C;
				ENABLE_HARDENED_RUNTIME = YES;
				ENABLE_PREVIEWS = YES;
				GENERATE_INFOPLIST_FILE = YES;
				INFOPLIST_FILE = CalendarIdea/Info.plist;
				"INFOPLIST_KEY_UILaunchScreen_Generation[sdk=iphoneos*]" = YES;
				"INFOPLIST_KEY_UILaunchScreen_Generation[sdk=iphonesimulator*]" = YES;
				INFOPLIST_KEY_UISupportedInterfaceOrientations_iPad = "UIInterfaceOrientationPortrait UIInterfaceOrientationPortraitUpsideDown UIInterfaceOrientationLandscapeLeft UIInterfaceOrientationLandscapeRight";
				INFOPLIST_KEY_UISupportedInterfaceOrientations_iPhone = "UIInterfaceOrientationPortrait UIInterfaceOrientationLandscapeLeft UIInterfaceOrientationLandscapeRight";
				IPHONEOS_DEPLOYMENT_TARGET = 16.0;
				LD_RUNPATH_SEARCH_PATHS = "@executable_path/Frameworks";
				"LD_RUNPATH_SEARCH_PATHS[sdk=macosx*]" = "@executable_path/../Frameworks";
				MACOSX_DEPLOYMENT_TARGET = 13.0;
				MARKETING_VERSION = 1.0;
				PRODUCT_BUNDLE_IDENTIFIER = com.leapaheadstudios.CalendarIdea;
				PRODUCT_NAME = "$(TARGET_NAME)";
				SDKROOT = auto;
				SUPPORTED_PLATFORMS = "iphoneos iphonesimulator macosx";
				SWIFT_EMIT_LOC_STRINGS = YES;
				SWIFT_VERSION = 5.0;
				TARGETED_DEVICE_FAMILY = "1,2";
			};
			name = Release;
		};
		CFEB18BF284EE1CC00E0BD26 /* Debug */ = {
			isa = XCBuildConfiguration;
			baseConfigurationReference = 7F2C321B02875700CF28DA7E /* Pods-CalendarIdeaTests.debug.xcconfig */;
			buildSettings = {
				ALWAYS_EMBED_SWIFT_STANDARD_LIBRARIES = YES;
				BUNDLE_LOADER = "$(TEST_HOST)";
				CODE_SIGN_STYLE = Automatic;
				CURRENT_PROJECT_VERSION = 1;
				DEVELOPMENT_TEAM = 9F5M35K84C;
				GENERATE_INFOPLIST_FILE = YES;
				IPHONEOS_DEPLOYMENT_TARGET = 16.0;
				MACOSX_DEPLOYMENT_TARGET = 13.0;
				MARKETING_VERSION = 1.0;
				PRODUCT_BUNDLE_IDENTIFIER = com.leapaheadstudios.CalendarIdeaTests;
				PRODUCT_NAME = "$(TARGET_NAME)";
				SDKROOT = auto;
				SUPPORTED_PLATFORMS = "iphoneos iphonesimulator macosx";
				SWIFT_EMIT_LOC_STRINGS = NO;
				SWIFT_VERSION = 5.0;
				TARGETED_DEVICE_FAMILY = "1,2";
				TEST_HOST = "$(BUILT_PRODUCTS_DIR)/CalendarIdea.app/$(BUNDLE_EXECUTABLE_FOLDER_PATH)/CalendarIdea";
			};
			name = Debug;
		};
		CFEB18C0284EE1CC00E0BD26 /* Release */ = {
			isa = XCBuildConfiguration;
			baseConfigurationReference = FF19B4A88CA22B40338560B0 /* Pods-CalendarIdeaTests.release.xcconfig */;
			buildSettings = {
				ALWAYS_EMBED_SWIFT_STANDARD_LIBRARIES = YES;
				BUNDLE_LOADER = "$(TEST_HOST)";
				CODE_SIGN_STYLE = Automatic;
				CURRENT_PROJECT_VERSION = 1;
				DEVELOPMENT_TEAM = 9F5M35K84C;
				GENERATE_INFOPLIST_FILE = YES;
				IPHONEOS_DEPLOYMENT_TARGET = 16.0;
				MACOSX_DEPLOYMENT_TARGET = 13.0;
				MARKETING_VERSION = 1.0;
				PRODUCT_BUNDLE_IDENTIFIER = com.leapaheadstudios.CalendarIdeaTests;
				PRODUCT_NAME = "$(TARGET_NAME)";
				SDKROOT = auto;
				SUPPORTED_PLATFORMS = "iphoneos iphonesimulator macosx";
				SWIFT_EMIT_LOC_STRINGS = NO;
				SWIFT_VERSION = 5.0;
				TARGETED_DEVICE_FAMILY = "1,2";
				TEST_HOST = "$(BUILT_PRODUCTS_DIR)/CalendarIdea.app/$(BUNDLE_EXECUTABLE_FOLDER_PATH)/CalendarIdea";
			};
			name = Release;
		};
		CFEB18C2284EE1CC00E0BD26 /* Debug */ = {
			isa = XCBuildConfiguration;
			baseConfigurationReference = 4774383CF8F432FDF6FBF8E5 /* Pods-CalendarIdea-CalendarIdeaUITests.debug.xcconfig */;
			buildSettings = {
				ALWAYS_EMBED_SWIFT_STANDARD_LIBRARIES = YES;
				CODE_SIGN_STYLE = Automatic;
				CURRENT_PROJECT_VERSION = 1;
				DEVELOPMENT_TEAM = 9F5M35K84C;
				GENERATE_INFOPLIST_FILE = YES;
				IPHONEOS_DEPLOYMENT_TARGET = 16.0;
				MACOSX_DEPLOYMENT_TARGET = 13.0;
				MARKETING_VERSION = 1.0;
				PRODUCT_BUNDLE_IDENTIFIER = com.leapaheadstudios.CalendarIdeaUITests;
				PRODUCT_NAME = "$(TARGET_NAME)";
				SDKROOT = auto;
				SUPPORTED_PLATFORMS = "iphoneos iphonesimulator macosx";
				SWIFT_EMIT_LOC_STRINGS = NO;
				SWIFT_VERSION = 5.0;
				TARGETED_DEVICE_FAMILY = "1,2";
				TEST_TARGET_NAME = CalendarIdea;
			};
			name = Debug;
		};
		CFEB18C3284EE1CC00E0BD26 /* Release */ = {
			isa = XCBuildConfiguration;
			baseConfigurationReference = 7556193019213CBD6A493EB8 /* Pods-CalendarIdea-CalendarIdeaUITests.release.xcconfig */;
			buildSettings = {
				ALWAYS_EMBED_SWIFT_STANDARD_LIBRARIES = YES;
				CODE_SIGN_STYLE = Automatic;
				CURRENT_PROJECT_VERSION = 1;
				DEVELOPMENT_TEAM = 9F5M35K84C;
				GENERATE_INFOPLIST_FILE = YES;
				IPHONEOS_DEPLOYMENT_TARGET = 16.0;
				MACOSX_DEPLOYMENT_TARGET = 13.0;
				MARKETING_VERSION = 1.0;
				PRODUCT_BUNDLE_IDENTIFIER = com.leapaheadstudios.CalendarIdeaUITests;
				PRODUCT_NAME = "$(TARGET_NAME)";
				SDKROOT = auto;
				SUPPORTED_PLATFORMS = "iphoneos iphonesimulator macosx";
				SWIFT_EMIT_LOC_STRINGS = NO;
				SWIFT_VERSION = 5.0;
				TARGETED_DEVICE_FAMILY = "1,2";
				TEST_TARGET_NAME = CalendarIdea;
			};
			name = Release;
		};
/* End XCBuildConfiguration section */

/* Begin XCConfigurationList section */
		CFEB1891284EE1CB00E0BD26 /* Build configuration list for PBXProject "CalendarIdea" */ = {
			isa = XCConfigurationList;
			buildConfigurations = (
				CFEB18B9284EE1CC00E0BD26 /* Debug */,
				CFEB18BA284EE1CC00E0BD26 /* Release */,
			);
			defaultConfigurationIsVisible = 0;
			defaultConfigurationName = Release;
		};
		CFEB18BB284EE1CC00E0BD26 /* Build configuration list for PBXNativeTarget "CalendarIdea" */ = {
			isa = XCConfigurationList;
			buildConfigurations = (
				CFEB18BC284EE1CC00E0BD26 /* Debug */,
				CFEB18BD284EE1CC00E0BD26 /* Release */,
			);
			defaultConfigurationIsVisible = 0;
			defaultConfigurationName = Release;
		};
		CFEB18BE284EE1CC00E0BD26 /* Build configuration list for PBXNativeTarget "CalendarIdeaTests" */ = {
			isa = XCConfigurationList;
			buildConfigurations = (
				CFEB18BF284EE1CC00E0BD26 /* Debug */,
				CFEB18C0284EE1CC00E0BD26 /* Release */,
			);
			defaultConfigurationIsVisible = 0;
			defaultConfigurationName = Release;
		};
		CFEB18C1284EE1CC00E0BD26 /* Build configuration list for PBXNativeTarget "CalendarIdeaUITests" */ = {
			isa = XCConfigurationList;
			buildConfigurations = (
				CFEB18C2284EE1CC00E0BD26 /* Debug */,
				CFEB18C3284EE1CC00E0BD26 /* Release */,
			);
			defaultConfigurationIsVisible = 0;
			defaultConfigurationName = Release;
		};
/* End XCConfigurationList section */
	};
	rootObject = CFEB188E284EE1CB00E0BD26 /* Project object */;
}
